
Microsoft Visual Studio Solution File, Format Version 12.00
# Visual Studio Version 16
VisualStudioVersion = 16.0.31410.357
MinimumVisualStudioVersion = 10.0.40219.1
Project("{FAE04EC0-301F-11D3-BF4B-00C04F79EFBC}") = "Server", "Server\Server.csproj", "{1405BB4B-D5F0-4891-B836-CB9A5EDE6AF6}"
EndProject
Project("{FAE04EC0-301F-11D3-BF4B-00C04F79EFBC}") = "Client", "Client\Client.csproj", "{CDD02DAF-4FB4-48A5-9D10-913D75BA463C}"
EndProject
Global
	GlobalSection(SolutionConfigurationPlatforms) = preSolution
		Debug|Any CPU = Debug|Any CPU
		Release|Any CPU = Release|Any CPU
	EndGlobalSection
	GlobalSection(ProjectConfigurationPlatforms) = postSolution
		{1405BB4B-D5F0-4891-B836-CB9A5EDE6AF6}.Debug|Any CPU.ActiveCfg = Debug|Any CPU
		{1405BB4B-D5F0-4891-B836-CB9A5EDE6AF6}.Debug|Any CPU.Build.0 = Debug|Any CPU
		{1405BB4B-D5F0-4891-B836-CB9A5EDE6AF6}.Release|Any CPU.ActiveCfg = Release|Any CPU
		{1405BB4B-D5F0-4891-B836-CB9A5EDE6AF6}.Release|Any CPU.Build.0 = Release|Any CPU
		{CDD02DAF-4FB4-48A5-9D10-913D75BA463C}.Debug|Any CPU.ActiveCfg = Debug|Any CPU
		{CDD02DAF-4FB4-48A5-9D10-913D75BA463C}.Debug|Any CPU.Build.0 = Debug|Any CPU
		{CDD02DAF-4FB4-48A5-9D10-913D75BA463C}.Release|Any CPU.ActiveCfg = Release|Any CPU
		{CDD02DAF-4FB4-48A5-9D10-913D75BA463C}.Release|Any CPU.Build.0 = Release|Any CPU
	EndGlobalSection
	GlobalSection(SolutionProperties) = preSolution
		HideSolutionNode = FALSE
	EndGlobalSection
	GlobalSection(ExtensibilityGlobals) = postSolution
		SolutionGuid = {C430372B-A510-4025-BE53-177A4418E332}
	EndGlobalSection
EndGlobal
